
Microsoft Visual Studio Solution File, Format Version 12.00
# Visual Studio Version 16
VisualStudioVersion = 16.0.31313.79
MinimumVisualStudioVersion = 10.0.40219.1
Project("{FAE04EC0-301F-11D3-BF4B-00C04F79EFBC}") = "Metodos y Arrays - C2 Ej9", "Metodos y Arrays - C2 Ej9\Metodos y Arrays - C2 Ej9.csproj", "{216DB11E-85B9-4CE7-A0F8-A40304027C9D}"
EndProject
Global
	GlobalSection(SolutionConfigurationPlatforms) = preSolution
		Debug|Any CPU = Debug|Any CPU
		Release|Any CPU = Release|Any CPU
	EndGlobalSection
	GlobalSection(ProjectConfigurationPlatforms) = postSolution
		{216DB11E-85B9-4CE7-A0F8-A40304027C9D}.Debug|Any CPU.ActiveCfg = Debug|Any CPU
		{216DB11E-85B9-4CE7-A0F8-A40304027C9D}.Debug|Any CPU.Build.0 = Debug|Any CPU
		{216DB11E-85B9-4CE7-A0F8-A40304027C9D}.Release|Any CPU.ActiveCfg = Release|Any CPU
		{216DB11E-85B9-4CE7-A0F8-A40304027C9D}.Release|Any CPU.Build.0 = Release|Any CPU
	EndGlobalSection
	GlobalSection(SolutionProperties) = preSolution
		HideSolutionNode = FALSE
	EndGlobalSection
	GlobalSection(ExtensibilityGlobals) = postSolution
		SolutionGuid = {25C9147F-9DEF-42DB-AE52-E5AF0B0431DF}
	EndGlobalSection
EndGlobal
